
Microsoft Visual Studio Solution File, Format Version 12.00
# Visual Studio Version 17
VisualStudioVersion = 17.11.35208.52
MinimumVisualStudioVersion = 10.0.40219.1
Project("{8BC9CEB8-8B4A-11D0-8D11-00A0C91BC942}") = "z4v11", "Lab_05\Lab_05.vcxproj", "{CFFBE9E7-C63B-491F-AA4B-BABC76789046}"
EndProject
Project("{8BC9CEB8-8B4A-11D0-8D11-00A0C91BC942}") = "z5v11", "z5v11\z5v11.vcxproj", "{B763FE4D-B370-4198-A920-6129E31D5188}"
EndProject
Project("{8BC9CEB8-8B4A-11D0-8D11-00A0C91BC942}") = "z5v13", "z5v13\z5v13.vcxproj", "{D8EEB21D-C7AD-4D1C-8AE6-1BFFDB9054B8}"
EndProject
Project("{8BC9CEB8-8B4A-11D0-8D11-00A0C91BC942}") = "z5v15", "z5v15\z5v15.vcxproj", "{83F0930F-1799-4661-BAD1-D1D99BCA63F3}"
EndProject
Project("{8BC9CEB8-8B4A-11D0-8D11-00A0C91BC942}") = "z5v1", "z5v1\z5v1.vcxproj", "{8AB34AAD-AA6D-4CEE-98F3-174701CF9879}"
EndProject
Project("{8BC9CEB8-8B4A-11D0-8D11-00A0C91BC942}") = "z4v13", "z4v13\z4v13.vcxproj", "{A924424B-4A24-4D72-A868-37881A3744F4}"
EndProject
Project("{8BC9CEB8-8B4A-11D0-8D11-00A0C91BC942}") = "z4v15", "z4v15\z4v15.vcxproj", "{4ED3E282-0D2E-4DE5-B573-97BFD5CE9208}"
EndProject
Project("{8BC9CEB8-8B4A-11D0-8D11-00A0C91BC942}") = "z4v1", "z4v1\z4v1.vcxproj", "{D43B79B2-CF6D-4356-8C6F-A84CE565673C}"
EndProject
Global
	GlobalSection(SolutionConfigurationPlatforms) = preSolution
		Debug|x64 = Debug|x64
		Debug|x86 = Debug|x86
		Release|x64 = Release|x64
		Release|x86 = Release|x86
	EndGlobalSection
	GlobalSection(ProjectConfigurationPlatforms) = postSolution
		{CFFBE9E7-C63B-491F-AA4B-BABC76789046}.Debug|x64.ActiveCfg = Debug|x64
		{CFFBE9E7-C63B-491F-AA4B-BABC76789046}.Debug|x64.Build.0 = Debug|x64
		{CFFBE9E7-C63B-491F-AA4B-BABC76789046}.Debug|x86.ActiveCfg = Debug|Win32
		{CFFBE9E7-C63B-491F-AA4B-BABC76789046}.Debug|x86.Build.0 = Debug|Win32
		{CFFBE9E7-C63B-491F-AA4B-BABC76789046}.Release|x64.ActiveCfg = Release|x64
		{CFFBE9E7-C63B-491F-AA4B-BABC76789046}.Release|x64.Build.0 = Release|x64
		{CFFBE9E7-C63B-491F-AA4B-BABC76789046}.Release|x86.ActiveCfg = Release|Win32
		{CFFBE9E7-C63B-491F-AA4B-BABC76789046}.Release|x86.Build.0 = Release|Win32
		{B763FE4D-B370-4198-A920-6129E31D5188}.Debug|x64.ActiveCfg = Debug|x64
		{B763FE4D-B370-4198-A920-6129E31D5188}.Debug|x64.Build.0 = Debug|x64
		{B763FE4D-B370-4198-A920-6129E31D5188}.Debug|x86.ActiveCfg = Debug|Win32
		{B763FE4D-B370-4198-A920-6129E31D5188}.Debug|x86.Build.0 = Debug|Win32
		{B763FE4D-B370-4198-A920-6129E31D5188}.Release|x64.ActiveCfg = Release|x64
		{B763FE4D-B370-4198-A920-6129E31D5188}.Release|x64.Build.0 = Release|x64
		{B763FE4D-B370-4198-A920-6129E31D5188}.Release|x86.ActiveCfg = Release|Win32
		{B763FE4D-B370-4198-A920-6129E31D5188}.Release|x86.Build.0 = Release|Win32
		{D8EEB21D-C7AD-4D1C-8AE6-1BFFDB9054B8}.Debug|x64.ActiveCfg = Debug|x64
		{D8EEB21D-C7AD-4D1C-8AE6-1BFFDB9054B8}.Debug|x64.Build.0 = Debug|x64
		{D8EEB21D-C7AD-4D1C-8AE6-1BFFDB9054B8}.Debug|x86.ActiveCfg = Debug|Win32
		{D8EEB21D-C7AD-4D1C-8AE6-1BFFDB9054B8}.Debug|x86.Build.0 = Debug|Win32
		{D8EEB21D-C7AD-4D1C-8AE6-1BFFDB9054B8}.Release|x64.ActiveCfg = Release|x64
		{D8EEB21D-C7AD-4D1C-8AE6-1BFFDB9054B8}.Release|x64.Build.0 = Release|x64
		{D8EEB21D-C7AD-4D1C-8AE6-1BFFDB9054B8}.Release|x86.ActiveCfg = Release|Win32
		{D8EEB21D-C7AD-4D1C-8AE6-1BFFDB9054B8}.Release|x86.Build.0 = Release|Win32
		{83F0930F-1799-4661-BAD1-D1D99BCA63F3}.Debug|x64.ActiveCfg = Debug|x64
		{83F0930F-1799-4661-BAD1-D1D99BCA63F3}.Debug|x64.Build.0 = Debug|x64
		{83F0930F-1799-4661-BAD1-D1D99BCA63F3}.Debug|x86.ActiveCfg = Debug|Win32
		{83F0930F-1799-4661-BAD1-D1D99BCA63F3}.Debug|x86.Build.0 = Debug|Win32
		{83F0930F-1799-4661-BAD1-D1D99BCA63F3}.Release|x64.ActiveCfg = Release|x64
		{83F0930F-1799-4661-BAD1-D1D99BCA63F3}.Release|x64.Build.0 = Release|x64
		{83F0930F-1799-4661-BAD1-D1D99BCA63F3}.Release|x86.ActiveCfg = Release|Win32
		{83F0930F-1799-4661-BAD1-D1D99BCA63F3}.Release|x86.Build.0 = Release|Win32
		{8AB34AAD-AA6D-4CEE-98F3-174701CF9879}.Debug|x64.ActiveCfg = Debug|x64
		{8AB34AAD-AA6D-4CEE-98F3-174701CF9879}.Debug|x64.Build.0 = Debug|x64
		{8AB34AAD-AA6D-4CEE-98F3-174701CF9879}.Debug|x86.ActiveCfg = Debug|Win32
		{8AB34AAD-AA6D-4CEE-98F3-174701CF9879}.Debug|x86.Build.0 = Debug|Win32
		{8AB34AAD-AA6D-4CEE-98F3-174701CF9879}.Release|x64.ActiveCfg = Release|x64
		{8AB34AAD-AA6D-4CEE-98F3-174701CF9879}.Release|x64.Build.0 = Release|x64
		{8AB34AAD-AA6D-4CEE-98F3-174701CF9879}.Release|x86.ActiveCfg = Release|Win32
		{8AB34AAD-AA6D-4CEE-98F3-174701CF9879}.Release|x86.Build.0 = Release|Win32
		{A924424B-4A24-4D72-A868-37881A3744F4}.Debug|x64.ActiveCfg = Debug|x64
		{A924424B-4A24-4D72-A868-37881A3744F4}.Debug|x64.Build.0 = Debug|x64
		{A924424B-4A24-4D72-A868-37881A3744F4}.Debug|x86.ActiveCfg = Debug|Win32
		{A924424B-4A24-4D72-A868-37881A3744F4}.Debug|x86.Build.0 = Debug|Win32
		{A924424B-4A24-4D72-A868-37881A3744F4}.Release|x64.ActiveCfg = Release|x64
		{A924424B-4A24-4D72-A868-37881A3744F4}.Release|x64.Build.0 = Release|x64
		{A924424B-4A24-4D72-A868-37881A3744F4}.Release|x86.ActiveCfg = Release|Win32
		{A924424B-4A24-4D72-A868-37881A3744F4}.Release|x86.Build.0 = Release|Win32
		{4ED3E282-0D2E-4DE5-B573-97BFD5CE9208}.Debug|x64.ActiveCfg = Debug|x64
		{4ED3E282-0D2E-4DE5-B573-97BFD5CE9208}.Debug|x64.Build.0 = Debug|x64
		{4ED3E282-0D2E-4DE5-B573-97BFD5CE9208}.Debug|x86.ActiveCfg = Debug|Win32
		{4ED3E282-0D2E-4DE5-B573-97BFD5CE9208}.Debug|x86.Build.0 = Debug|Win32
		{4ED3E282-0D2E-4DE5-B573-97BFD5CE9208}.Release|x64.ActiveCfg = Release|x64
		{4ED3E282-0D2E-4DE5-B573-97BFD5CE9208}.Release|x64.Build.0 = Release|x64
		{4ED3E282-0D2E-4DE5-B573-97BFD5CE9208}.Release|x86.ActiveCfg = Release|Win32
		{4ED3E282-0D2E-4DE5-B573-97BFD5CE9208}.Release|x86.Build.0 = Release|Win32
		{D43B79B2-CF6D-4356-8C6F-A84CE565673C}.Debug|x64.ActiveCfg = Debug|x64
		{D43B79B2-CF6D-4356-8C6F-A84CE565673C}.Debug|x64.Build.0 = Debug|x64
		{D43B79B2-CF6D-4356-8C6F-A84CE565673C}.Debug|x86.ActiveCfg = Debug|Win32
		{D43B79B2-CF6D-4356-8C6F-A84CE565673C}.Debug|x86.Build.0 = Debug|Win32
		{D43B79B2-CF6D-4356-8C6F-A84CE565673C}.Release|x64.ActiveCfg = Release|x64
		{D43B79B2-CF6D-4356-8C6F-A84CE565673C}.Release|x64.Build.0 = Release|x64
		{D43B79B2-CF6D-4356-8C6F-A84CE565673C}.Release|x86.ActiveCfg = Release|Win32
		{D43B79B2-CF6D-4356-8C6F-A84CE565673C}.Release|x86.Build.0 = Release|Win32
	EndGlobalSection
	GlobalSection(SolutionProperties) = preSolution
		HideSolutionNode = FALSE
	EndGlobalSection
	GlobalSection(ExtensibilityGlobals) = postSolution
		SolutionGuid = {E01B5643-EC4B-47F4-983C-572F081012D6}
	EndGlobalSection
EndGlobal
